{
  "requires": true,
  "lockfileVersion": 1,
  "dependencies": {
    "gosseyn-palindrome": {
      "version": "0.2.1",
      "resolved": "https://registry.npmjs.org/gosseyn-palindrome/-/gosseyn-palindrome-0.2.1.tgz",
      "integrity": "sha512-S2LMmcBTD36aTD5rJ7E0NVHiPCb5jwufcih0aHVXqv2f7sWegx1IrJOihP/fSnpbJXf0uw2GcVmER6nXIOHaSw=="
    }
  }
}
