{
  "requires": true,
  "lockfileVersion": 1,
  "dependencies": {
    "gosseyn-palindrome": {
      "version": "0.2.0",
      "resolved": "https://registry.npmjs.org/gosseyn-palindrome/-/gosseyn-palindrome-0.2.0.tgz",
      "integrity": "sha512-kQYjOKrVMfSKzHH/Ojn1MOGKPLQ5tK5AKnVcNnVXFW1HjXXleylo1zwmBwqZJQp0kpb7Br2VvabLghIXxg6Wxg=="
    }
  }
}
