{
  "requires": true,
  "lockfileVersion": 1,
  "dependencies": {
    "gosseyn-palindrome": {
      "version": "0.1.0",
      "resolved": "https://registry.npmjs.org/gosseyn-palindrome/-/gosseyn-palindrome-0.1.0.tgz",
      "integrity": "sha512-LQup06J7a07DNZnwpLX1b+vM/hXP1z2KGb6cZNjD1y/i16L8L8Z/jHy/zkD4XgZiuJ/8s26KrZWs+85pw5pCTw=="
    }
  }
}
